
Microsoft Visual Studio Solution File, Format Version 12.00
# Visual Studio 15
VisualStudioVersion = 15.0.28307.757
MinimumVisualStudioVersion = 10.0.40219.1
Project("{FAE04EC0-301F-11D3-BF4B-00C04F79EFBC}") = "HotelBooking", "HotelBooking\HotelBooking.csproj", "{203F7BA9-E778-488B-BBCB-AFDB3102790C}"
EndProject
Global
	GlobalSection(SolutionConfigurationPlatforms) = preSolution
		Debug|Any CPU = Debug|Any CPU
		Release|Any CPU = Release|Any CPU
	EndGlobalSection
	GlobalSection(ProjectConfigurationPlatforms) = postSolution
		{203F7BA9-E778-488B-BBCB-AFDB3102790C}.Debug|Any CPU.ActiveCfg = Debug|Any CPU
		{203F7BA9-E778-488B-BBCB-AFDB3102790C}.Debug|Any CPU.Build.0 = Debug|Any CPU
		{203F7BA9-E778-488B-BBCB-AFDB3102790C}.Release|Any CPU.ActiveCfg = Release|Any CPU
		{203F7BA9-E778-488B-BBCB-AFDB3102790C}.Release|Any CPU.Build.0 = Release|Any CPU
	EndGlobalSection
	GlobalSection(SolutionProperties) = preSolution
		HideSolutionNode = FALSE
	EndGlobalSection
	GlobalSection(ExtensibilityGlobals) = postSolution
		SolutionGuid = {93EB6D5E-1B8B-48F8-8CED-8D3054E401E3}
	EndGlobalSection
EndGlobal
